
Microsoft Visual Studio Solution File, Format Version 12.00
Project("{FAE04EC0-301F-11D3-BF4B-00C04F79EFBC}") = "SEO-Optimizer", "SEO-Optimizer.csproj", "{2ABCEA09-BD07-44EC-90C3-672D712C40E3}"
EndProject
Project("{FAE04EC0-301F-11D3-BF4B-00C04F79EFBC}") = "SEO-OptimizerTests", "SEO-OptimizerTests\SEO-OptimizerTests.csproj", "{8D692C15-0526-4913-BC35-DC3B91E9F52E}"
EndProject
Global
	GlobalSection(SolutionConfigurationPlatforms) = preSolution
		Debug|Any CPU = Debug|Any CPU
		Release|Any CPU = Release|Any CPU
	EndGlobalSection
	GlobalSection(ProjectConfigurationPlatforms) = postSolution
		{2ABCEA09-BD07-44EC-90C3-672D712C40E3}.Debug|Any CPU.ActiveCfg = Debug|Any CPU
		{2ABCEA09-BD07-44EC-90C3-672D712C40E3}.Debug|Any CPU.Build.0 = Debug|Any CPU
		{2ABCEA09-BD07-44EC-90C3-672D712C40E3}.Release|Any CPU.ActiveCfg = Release|Any CPU
		{2ABCEA09-BD07-44EC-90C3-672D712C40E3}.Release|Any CPU.Build.0 = Release|Any CPU
		{8D692C15-0526-4913-BC35-DC3B91E9F52E}.Debug|Any CPU.ActiveCfg = Debug|Any CPU
		{8D692C15-0526-4913-BC35-DC3B91E9F52E}.Debug|Any CPU.Build.0 = Debug|Any CPU
		{8D692C15-0526-4913-BC35-DC3B91E9F52E}.Release|Any CPU.ActiveCfg = Release|Any CPU
		{8D692C15-0526-4913-BC35-DC3B91E9F52E}.Release|Any CPU.Build.0 = Release|Any CPU
	EndGlobalSection
EndGlobal
